
Microsoft Visual Studio Solution File, Format Version 12.00
# Visual Studio Version 17
VisualStudioVersion = 17.5.33424.131
MinimumVisualStudioVersion = 10.0.40219.1
Project("{FAE04EC0-301F-11D3-BF4B-00C04F79EFBC}") = "DropSimulator", "DropSimulator.csproj", "{9EF4E499-A1B8-48B5-BB05-B7847C763890}"
EndProject
Global
	GlobalSection(SolutionConfigurationPlatforms) = preSolution
		Debug|Any CPU = Debug|Any CPU
		Release|Any CPU = Release|Any CPU
	EndGlobalSection
	GlobalSection(ProjectConfigurationPlatforms) = postSolution
		{9EF4E499-A1B8-48B5-BB05-B7847C763890}.Debug|Any CPU.ActiveCfg = Debug|Any CPU
		{9EF4E499-A1B8-48B5-BB05-B7847C763890}.Debug|Any CPU.Build.0 = Debug|Any CPU
		{9EF4E499-A1B8-48B5-BB05-B7847C763890}.Release|Any CPU.ActiveCfg = Release|Any CPU
		{9EF4E499-A1B8-48B5-BB05-B7847C763890}.Release|Any CPU.Build.0 = Release|Any CPU
	EndGlobalSection
	GlobalSection(SolutionProperties) = preSolution
		HideSolutionNode = FALSE
	EndGlobalSection
	GlobalSection(ExtensibilityGlobals) = postSolution
		SolutionGuid = {1455561D-2E9B-4199-AED5-2995E2ED0C12}
	EndGlobalSection
EndGlobal
